{
    "version": 3,
    "terraform_version": "0.9.6",
    "serial": 1,
    "lineage": "ac660c13-4978-4445-9e73-c58f36c499e0",
    "modules": [
        {
            "path": [
                "root"
            ],
            "outputs": {},
            "resources": {},
            "depends_on": []
        },
        {
            "path": [
                "root",
                "dev-locktable"
            ],
            "outputs": {},
            "resources": {
                "aws_dynamodb_table.terraform_statelock": {
                    "type": "aws_dynamodb_table",
                    "depends_on": [],
                    "primary": {
                        "id": "terraform-statelock-eu-west-2-dev",
                        "attributes": {
                            "arn": "arn:aws:dynamodb:eu-west-2:156197746468:table/terraform-statelock-eu-west-2-dev",
                            "attribute.#": "1",
                            "attribute.2068930648.name": "LockID",
                            "attribute.2068930648.type": "S",
                            "global_secondary_index.#": "0",
                            "hash_key": "LockID",
                            "id": "terraform-statelock-eu-west-2-dev",
                            "local_secondary_index.#": "0",
                            "name": "terraform-statelock-eu-west-2-dev",
                            "read_capacity": "10",
                            "write_capacity": "10"
                        },
                        "meta": {
                            "schema_version": "1"
                        },
                        "tainted": false
                    },
                    "deposed": [],
                    "provider": ""
                },
                "aws_s3_bucket.state": {
                    "type": "aws_s3_bucket",
                    "depends_on": [],
                    "primary": {
                        "id": "laatu-jordgubbe-terraform-eu-west-2-dev",
                        "attributes": {
                            "acceleration_status": "",
                            "acl": "private",
                            "arn": "arn:aws:s3:::laatu-jordgubbe-terraform-eu-west-2-dev",
                            "bucket": "laatu-jordgubbe-terraform-eu-west-2-dev",
                            "bucket_domain_name": "laatu-jordgubbe-terraform-eu-west-2-dev.s3.amazonaws.com",
                            "force_destroy": "false",
                            "hosted_zone_id": "Z3GKZC51ZF0DB4",
                            "id": "laatu-jordgubbe-terraform-eu-west-2-dev",
                            "logging.#": "0",
                            "region": "eu-west-2",
                            "request_payer": "BucketOwner",
                            "tags.%": "0",
                            "versioning.#": "1",
                            "versioning.0.enabled": "false",
                            "versioning.0.mfa_delete": "false",
                            "website.#": "0"
                        },
                        "meta": {},
                        "tainted": false
                    },
                    "deposed": [],
                    "provider": ""
                }
            },
            "depends_on": []
        }
    ]
}
